
Microsoft Visual Studio Solution File, Format Version 12.00
# Visual Studio Version 17
VisualStudioVersion = 17.2.32526.322
MinimumVisualStudioVersion = 10.0.40219.1
Project("{9A19103F-16F7-4668-BE54-9A1E7A4F7556}") = "Client", "Client.csproj", "{F4E226B9-5E3C-4868-ADBF-E704F987CC79}"
EndProject
Global
	GlobalSection(SolutionConfigurationPlatforms) = preSolution
		Debug|Any CPU = Debug|Any CPU
		Release|Any CPU = Release|Any CPU
	EndGlobalSection
	GlobalSection(ProjectConfigurationPlatforms) = postSolution
		{F4E226B9-5E3C-4868-ADBF-E704F987CC79}.Debug|Any CPU.ActiveCfg = Debug|Any CPU
		{F4E226B9-5E3C-4868-ADBF-E704F987CC79}.Debug|Any CPU.Build.0 = Debug|Any CPU
		{F4E226B9-5E3C-4868-ADBF-E704F987CC79}.Release|Any CPU.ActiveCfg = Release|Any CPU
		{F4E226B9-5E3C-4868-ADBF-E704F987CC79}.Release|Any CPU.Build.0 = Release|Any CPU
	EndGlobalSection
	GlobalSection(SolutionProperties) = preSolution
		HideSolutionNode = FALSE
	EndGlobalSection
	GlobalSection(ExtensibilityGlobals) = postSolution
		SolutionGuid = {DED7FB56-A771-4CD6-9242-1E9307CD1E57}
	EndGlobalSection
EndGlobal
